<?xml version="1.0" encoding="utf-8"?>
<Project ToolsVersion="4.0" xmlns="http://schemas.microsoft.com/developer/msbuild/2003">
  <ItemGroup>
    <Filter Include="Source Files">
      <UniqueIdentifier>{4FC737F1-C7A5-4376-A066-2A32D752A2FF}</UniqueIdentifier>
      <Extensions>cpp;c;cc;cxx;c++;cppm;ixx;def;odl;idl;hpj;bat;asm;asmx</Extensions>
    </Filter>
    <Filter Include="Header Files">
      <UniqueIdentifier>{93995380-89BD-4b04-88EB-625FBE52EBFB}</UniqueIdentifier>
      <Extensions>h;hh;hpp;hxx;h++;hm;inl;inc;ipp;xsd</Extensions>
    </Filter>
    <Filter Include="Resource Files">
      <UniqueIdentifier>{67DA6AB6-F800-4c08-8B7A-83BB121AAD01}</UniqueIdentifier>
      <Extensions>rc;ico;cur;bmp;dlg;rc2;rct;bin;rgs;gif;jpg;jpeg;jpe;resx;tiff;tif;png;wav;mfcribbon-ms</Extensions>
    </Filter>
  </ItemGroup>
  <ItemGroup>
    <ClCompile Include="Engine\src\pch.cpp">
      <Filter>Source Files</Filter>
    </ClCompile>
    <ClCompile Include="EntryPoint.cpp">
      <Filter>Source Files</Filter>
    </ClCompile>
    <ClCompile Include="Engine\src\Core\Engine.cpp">
      <Filter>Source Files</Filter>
    </ClCompile>
    <ClCompile Include="Engine\src\Graphics\RenderSystems\RenderSystem.cpp">
      <Filter>Source Files</Filter>
    </ClCompile>
    <ClCompile Include="Application\src\SampleApplication\SampleApplication.cpp">
      <Filter>Source Files</Filter>
    </ClCompile>
    <ClCompile Include="Engine\src\Window\AppWindow.cpp">
      <Filter>Source Files</Filter>
    </ClCompile>
    <ClCompile Include="Engine\src\Graphics\VKWraps\IHCPipeline.cpp">
      <Filter>Source Files</Filter>
    </ClCompile>
    <ClCompile Include="Engine\src\Graphics\VKWraps\IHCDevice.cpp">
      <Filter>Source Files</Filter>
    </ClCompile>
    <ClCompile Include="Engine\src\Graphics\VKWraps\IHCSwapChain.cpp">
      <Filter>Source Files</Filter>
    </ClCompile>
    <ClCompile Include="Engine\src\Graphics\VKWraps\IHCMesh.cpp">
      <Filter>Source Files</Filter>
    </ClCompile>
    <ClCompile Include="Engine\src\Core\Scene\GameObject.cpp">
      <Filter>Source Files</Filter>
    </ClCompile>
    <ClCompile Include="Engine\src\Graphics\Renderer.cpp">
      <Filter>Source Files</Filter>
    </ClCompile>
    <ClCompile Include="Engine\src\Graphics\GraphicsManager.cpp">
      <Filter>Source Files</Filter>
    </ClCompile>
    <ClCompile Include="Engine\src\Graphics\Camera.cpp">
      <Filter>Source Files</Filter>
    </ClCompile>
    <ClCompile Include="Engine\src\Core\Time\Time.cpp">
      <Filter>Source Files</Filter>
    </ClCompile>
    <ClCompile Include="Engine\src\Input\Input.cpp">
      <Filter>Source Files</Filter>
    </ClCompile>
    <ClCompile Include="Engine\src\Graphics\VKWraps\IHCBuffer.cpp">
      <Filter>Source Files</Filter>
    </ClCompile>
    <ClCompile Include="Engine\src\Graphics\VKWraps\IHCTexture.cpp">
      <Filter>Source Files</Filter>
    </ClCompile>
    <ClCompile Include="Engine\src\Core\Asset\AssetManager.cpp">
      <Filter>Source Files</Filter>
    </ClCompile>
    <ClCompile Include="Engine\src\Core\Scene\Scene.cpp">
      <Filter>Source Files</Filter>
    </ClCompile>
    <ClCompile Include="Engine\src\Core\Scene\SceneManager.cpp">
      <Filter>Source Files</Filter>
    </ClCompile>
    <ClCompile Include="Application\src\SampleApplication\Scene\SkeletalAnimationScene.cpp">
      <Filter>Source Files</Filter>
    </ClCompile>
    <ClCompile Include="Application\src\SampleApplication\CustomBehaviors\CameraController.cpp">
      <Filter>Source Files</Filter>
    </ClCompile>
    <ClCompile Include="Engine\src\Core\Scene\Components\Transform.cpp">
      <Filter>Source Files</Filter>
    </ClCompile>
    <ClCompile Include="Engine\src\Core\Scene\Components\CustomBehavior\CustomBehavior.cpp">
      <Filter>Source Files</Filter>
    </ClCompile>
    <ClCompile Include="Engine\src\Core\Scene\Components\CustomBehavior\CustomBehaviorManager.cpp">
      <Filter>Source Files</Filter>
    </ClCompile>
    <ClCompile Include="Engine\src\Imgui\ImGuiManager.cpp">
      <Filter>Source Files</Filter>
    </ClCompile>
    <ClCompile Include="Libraries\imgui\imgui.cpp">
      <Filter>Source Files</Filter>
    </ClCompile>
    <ClCompile Include="Libraries\imgui\imgui_demo.cpp">
      <Filter>Source Files</Filter>
    </ClCompile>
    <ClCompile Include="Libraries\imgui\imgui_draw.cpp">
      <Filter>Source Files</Filter>
    </ClCompile>
    <ClCompile Include="Libraries\imgui\imgui_impl_glfw.cpp">
      <Filter>Source Files</Filter>
    </ClCompile>
    <ClCompile Include="Libraries\imgui\imgui_impl_vulkan.cpp">
      <Filter>Source Files</Filter>
    </ClCompile>
    <ClCompile Include="Libraries\imgui\imgui_tables.cpp">
      <Filter>Source Files</Filter>
    </ClCompile>
    <ClCompile Include="Libraries\imgui\imgui_widgets.cpp">
      <Filter>Source Files</Filter>
    </ClCompile>
    <ClCompile Include="Engine\src\Graphics\Animation\Model.cpp">
      <Filter>Source Files</Filter>
    </ClCompile>
    <ClCompile Include="Engine\src\Core\Scene\Components\MeshComponent.cpp">
      <Filter>Source Files</Filter>
    </ClCompile>
    <ClCompile Include="Engine\src\Core\Scene\Components\TextureComponent.cpp">
      <Filter>Source Files</Filter>
    </ClCompile>
    <ClCompile Include="Engine\src\Graphics\Animation\Animation.cpp">
      <Filter>Source Files</Filter>
    </ClCompile>
    <ClCompile Include="Engine\src\Graphics\Animation\Animator.cpp">
      <Filter>Source Files</Filter>
    </ClCompile>
    <ClCompile Include="Engine\src\Graphics\VKWraps\IHCDescriptorManager.cpp">
      <Filter>Source Files</Filter>
    </ClCompile>
    <ClCompile Include="Engine\src\Graphics\GraphicsAssetCreator.cpp">
      <Filter>Source Files</Filter>
    </ClCompile>
    <ClCompile Include="Engine\src\Core\Scene\Components\ModelComponent.cpp">
      <Filter>Source Files</Filter>
    </ClCompile>
    <ClCompile Include="Engine\src\Core\Scene\Components\AnimatorComponent.cpp">
      <Filter>Source Files</Filter>
    </ClCompile>
    <ClCompile Include="Engine\src\Core\Scene\Components\PipelineComponent.cpp">
      <Filter>Source Files</Filter>
    </ClCompile>
    <ClCompile Include="Engine\src\Graphics\Animation\BoneAnimation.cpp">
      <Filter>Source Files</Filter>
    </ClCompile>
    <ClCompile Include="Engine\src\Graphics\VKWraps\DescriptorWraps\IHCDescriptorWrap.cpp">
      <Filter>Source Files</Filter>
    </ClCompile>
    <ClCompile Include="Engine\src\Graphics\VKWraps\DescriptorWraps\GlobalDescriptorWrap.cpp">
      <Filter>Source Files</Filter>
    </ClCompile>
    <ClCompile Include="Engine\src\Graphics\VKWraps\DescriptorWraps\TextureDescriptorWrap.cpp">
      <Filter>Source Files</Filter>
    </ClCompile>
    <ClCompile Include="Engine\src\Graphics\VKWraps\DescriptorWraps\SkeletalDescriptorWrap.cpp">
      <Filter>Source Files</Filter>
    </ClCompile>
    <ClCompile Include="Engine\src\Math\Quaternion.cpp">
      <Filter>Source Files</Filter>
    </ClCompile>
    <ClCompile Include="Engine\src\Math\VQS.cpp">
      <Filter>Source Files</Filter>
    </ClCompile>
    <ClCompile Include="Engine\src\Graphics\Animation\AnimationConfig.cpp">
      <Filter>Source Files</Filter>
    </ClCompile>
    <ClCompile Include="Application\src\SampleApplication\CustomBehaviors\AnimationViewer.cpp">
      <Filter>Source Files</Filter>
    </ClCompile>
    <ClCompile Include="Application\src\SampleApplication\Scene\MotionAlongPathScene.cpp">
      <Filter>Source Files</Filter>
    </ClCompile>
    <ClCompile Include="Engine\src\Core\Scene\Components\ImguiContextComponent.cpp">
      <Filter>Source Files</Filter>
    </ClCompile>
    <ClCompile Include="Application\src\SampleApplication\CustomBehaviors\ImguiContext_AnimationViewer.cpp">
      <Filter>Source Files</Filter>
    </ClCompile>
    <ClCompile Include="Engine\src\Math\Path\SpaceCurve.cpp">
      <Filter>Source Files</Filter>
    </ClCompile>
    <ClCompile Include="Engine\src\Math\Path\SubCurve.cpp">
      <Filter>Source Files</Filter>
    </ClCompile>
    <ClCompile Include="Engine\src\Core\Scene\Components\LineRendererComponent.cpp">
      <Filter>Source Files</Filter>
    </ClCompile>
    <ClCompile Include="Application\src\SampleApplication\CustomBehaviors\MotionAlongPathViewer.cpp">
      <Filter>Source Files</Filter>
    </ClCompile>
    <ClCompile Include="Engine\src\Math\Path\SpeedControl.cpp">
      <Filter>Source Files</Filter>
    </ClCompile>
    <ClCompile Include="Application\src\SampleApplication\CustomBehaviors\ImguiContext_MotionAlongPathViewer.cpp">
      <Filter>Source Files</Filter>
    </ClCompile>
    <ClCompile Include="Engine\src\Graphics\Animation\BlendTree.cpp">
      <Filter>Source Files</Filter>
    </ClCompile>
  </ItemGroup>
  <ItemGroup>
    <ClInclude Include="Engine\src\pch.h">
      <Filter>Header Files</Filter>
    </ClInclude>
    <ClInclude Include="EntryPoint.h">
      <Filter>Header Files</Filter>
    </ClInclude>
    <ClInclude Include="Engine\src\Core\Engine.h">
      <Filter>Header Files</Filter>
    </ClInclude>
    <ClInclude Include="Engine\src\Graphics\RenderSystems\RenderSystem.h">
      <Filter>Header Files</Filter>
    </ClInclude>
    <ClInclude Include="Application\src\IApplication.h">
      <Filter>Header Files</Filter>
    </ClInclude>
    <ClInclude Include="Application\src\SampleApplication\SampleApplication.h">
      <Filter>Header Files</Filter>
    </ClInclude>
    <ClInclude Include="Engine\src\Window\AppWindow.h">
      <Filter>Header Files</Filter>
    </ClInclude>
    <ClInclude Include="Engine\src\Graphics\VKWraps\VKHelpers.h">
      <Filter>Header Files</Filter>
    </ClInclude>
    <ClInclude Include="Engine\src\Graphics\VKWraps\IHCPipeline.h">
      <Filter>Header Files</Filter>
    </ClInclude>
    <ClInclude Include="Engine\src\Graphics\VKWraps\IHCDevice.h">
      <Filter>Header Files</Filter>
    </ClInclude>
    <ClInclude Include="Engine\src\Graphics\VKWraps\IHCSwapChain.h">
      <Filter>Header Files</Filter>
    </ClInclude>
    <ClInclude Include="Engine\src\Graphics\VKWraps\IHCMesh.h">
      <Filter>Header Files</Filter>
    </ClInclude>
    <ClInclude Include="Engine\src\Core\Scene\GameObject.inl">
      <Filter>Header Files</Filter>
    </ClInclude>
    <ClInclude Include="Engine\src\Core\Scene\GameObject.h">
      <Filter>Header Files</Filter>
    </ClInclude>
    <ClInclude Include="Engine\src\Graphics\Renderer.h">
      <Filter>Header Files</Filter>
    </ClInclude>
    <ClInclude Include="Engine\src\Graphics\GraphicsManager.h">
      <Filter>Header Files</Filter>
    </ClInclude>
    <ClInclude Include="Engine\src\Graphics\Camera.h">
      <Filter>Header Files</Filter>
    </ClInclude>
    <ClInclude Include="Engine\src\Core\Time\Time.h">
      <Filter>Header Files</Filter>
    </ClInclude>
    <ClInclude Include="Engine\src\Input\Input.h">
      <Filter>Header Files</Filter>
    </ClInclude>
    <ClInclude Include="Engine\src\Graphics\VKWraps\IHCBuffer.h">
      <Filter>Header Files</Filter>
    </ClInclude>
    <ClInclude Include="Engine\src\Graphics\VKWraps\IHCTexture.h">
      <Filter>Header Files</Filter>
    </ClInclude>
    <ClInclude Include="Engine\src\Core\Asset\AssetManager.h">
      <Filter>Header Files</Filter>
    </ClInclude>
    <ClInclude Include="Engine\src\Core\Scene\Scene.h">
      <Filter>Header Files</Filter>
    </ClInclude>
    <ClInclude Include="Engine\src\Core\Scene\SceneManager.h">
      <Filter>Header Files</Filter>
    </ClInclude>
    <ClInclude Include="Engine\src\Core\Asset\AssetRepository.h">
      <Filter>Header Files</Filter>
    </ClInclude>
    <ClInclude Include="Application\src\SampleApplication\Scene\SkeletalAnimationScene.h">
      <Filter>Header Files</Filter>
    </ClInclude>
    <ClInclude Include="Application\src\SampleApplication\CustomBehaviors\CameraController.h">
      <Filter>Header Files</Filter>
    </ClInclude>
    <ClInclude Include="Engine\src\Core\Scene\Components\Camera.h">
      <Filter>Header Files</Filter>
    </ClInclude>
    <ClInclude Include="Engine\src\Core\Scene\Components\Component.h">
      <Filter>Header Files</Filter>
    </ClInclude>
    <ClInclude Include="Engine\src\Core\Scene\Components\Transform.h">
      <Filter>Header Files</Filter>
    </ClInclude>
    <ClInclude Include="Engine\src\Core\Scene\Components\CustomBehavior\CustomBehavior.h">
      <Filter>Header Files</Filter>
    </ClInclude>
    <ClInclude Include="Engine\src\Core\Scene\Components\CustomBehavior\CustomBehaviorManager.h">
      <Filter>Header Files</Filter>
    </ClInclude>
    <ClInclude Include="Engine\src\Core\Locator\AppWindowLocator.h">
      <Filter>Header Files</Filter>
    </ClInclude>
    <ClInclude Include="Engine\src\Core\Locator\GraphicsManagerLocator.h">
      <Filter>Header Files</Filter>
    </ClInclude>
    <ClInclude Include="Engine\src\Core\Locator\AssetManagerLocator.h">
      <Filter>Header Files</Filter>
    </ClInclude>
    <ClInclude Include="Engine\src\Core\Locator\SceneManagerLocator.h">
      <Filter>Header Files</Filter>
    </ClInclude>
    <ClInclude Include="Engine\src\Core\Locator\CustomBehaviorManagerLocator.h">
      <Filter>Header Files</Filter>
    </ClInclude>
    <ClInclude Include="Engine\src\Imgui\ImGuiManager.h">
      <Filter>Header Files</Filter>
    </ClInclude>
    <ClInclude Include="Libraries\imgui\imconfig.h">
      <Filter>Header Files</Filter>
    </ClInclude>
    <ClInclude Include="Libraries\imgui\imgui.h">
      <Filter>Header Files</Filter>
    </ClInclude>
    <ClInclude Include="Libraries\imgui\imgui_impl_glfw.h">
      <Filter>Header Files</Filter>
    </ClInclude>
    <ClInclude Include="Libraries\imgui\imgui_impl_vulkan.h">
      <Filter>Header Files</Filter>
    </ClInclude>
    <ClInclude Include="Libraries\imgui\imgui_internal.h">
      <Filter>Header Files</Filter>
    </ClInclude>
    <ClInclude Include="Libraries\imgui\imstb_rectpack.h">
      <Filter>Header Files</Filter>
    </ClInclude>
    <ClInclude Include="Libraries\imgui\imstb_textedit.h">
      <Filter>Header Files</Filter>
    </ClInclude>
    <ClInclude Include="Libraries\imgui\imstb_truetype.h">
      <Filter>Header Files</Filter>
    </ClInclude>
    <ClInclude Include="Libraries\assimp\assimp\contrib\utf8cpp\source\utf8.h">
      <Filter>Header Files</Filter>
    </ClInclude>
    <ClInclude Include="Engine\src\Graphics\Animation\Model.h">
      <Filter>Header Files</Filter>
    </ClInclude>
    <ClInclude Include="Engine\src\Graphics\Animation\MaterialData.h">
      <Filter>Header Files</Filter>
    </ClInclude>
    <ClInclude Include="Engine\src\Graphics\Animation\AnimationInfo.h">
      <Filter>Header Files</Filter>
    </ClInclude>
    <ClInclude Include="Engine\src\Graphics\Animation\AssimpGLMHelpers.h">
      <Filter>Header Files</Filter>
    </ClInclude>
    <ClInclude Include="Engine\src\Core\Scene\Components\MeshComponent.h">
      <Filter>Header Files</Filter>
    </ClInclude>
    <ClInclude Include="Engine\src\Core\Scene\Components\TextureComponent.h">
      <Filter>Header Files</Filter>
    </ClInclude>
    <ClInclude Include="Engine\src\Graphics\Animation\Animation.h">
      <Filter>Header Files</Filter>
    </ClInclude>
    <ClInclude Include="Engine\src\Graphics\Animation\Animator.h">
      <Filter>Header Files</Filter>
    </ClInclude>
    <ClInclude Include="Engine\src\Graphics\VKWraps\IHCDescriptorManager.h">
      <Filter>Header Files</Filter>
    </ClInclude>
    <ClInclude Include="Engine\src\Graphics\GraphicsAssetCreator.h">
      <Filter>Header Files</Filter>
    </ClInclude>
    <ClInclude Include="Engine\src\Core\Scene\Components\ModelComponent.h">
      <Filter>Header Files</Filter>
    </ClInclude>
    <ClInclude Include="Engine\src\Core\Scene\Components\AnimatorComponent.h">
      <Filter>Header Files</Filter>
    </ClInclude>
    <ClInclude Include="Engine\src\Core\Scene\Components\PipelineComponent.h">
      <Filter>Header Files</Filter>
    </ClInclude>
    <ClInclude Include="Engine\src\Graphics\Animation\BoneAnimation.h">
      <Filter>Header Files</Filter>
    </ClInclude>
    <ClInclude Include="Engine\src\Graphics\VKWraps\DescriptorWraps\IHCDescriptorWrap.h">
      <Filter>Header Files</Filter>
    </ClInclude>
    <ClInclude Include="Engine\src\Graphics\VKWraps\DescriptorWraps\GlobalDescriptorWrap.h">
      <Filter>Header Files</Filter>
    </ClInclude>
    <ClInclude Include="Engine\src\Graphics\VKWraps\DescriptorWraps\TextureDescriptorWrap.h">
      <Filter>Header Files</Filter>
    </ClInclude>
    <ClInclude Include="Engine\src\Graphics\VKWraps\DescriptorWraps\SkeletalDescriptorWrap.h">
      <Filter>Header Files</Filter>
    </ClInclude>
    <ClInclude Include="Engine\src\Math\Quaternion.h">
      <Filter>Header Files</Filter>
    </ClInclude>
    <ClInclude Include="Engine\src\Math\VQS.h">
      <Filter>Header Files</Filter>
    </ClInclude>
    <ClInclude Include="Engine\src\Graphics\Animation\AnimationConfig.h">
      <Filter>Header Files</Filter>
    </ClInclude>
    <ClInclude Include="Engine\src\Math\MathConstants.h">
      <Filter>Header Files</Filter>
    </ClInclude>
    <ClInclude Include="Application\src\SampleApplication\CustomBehaviors\AnimationViewer.h">
      <Filter>Header Files</Filter>
    </ClInclude>
    <ClInclude Include="Application\src\SampleApplication\Scene\MotionAlongPathScene.h">
      <Filter>Header Files</Filter>
    </ClInclude>
    <ClInclude Include="Engine\src\Core\Scene\Components\ImguiContextComponent.h">
      <Filter>Header Files</Filter>
    </ClInclude>
    <ClInclude Include="Engine\src\Core\Locator\ImGuiManagerLocator.h">
      <Filter>Header Files</Filter>
    </ClInclude>
    <ClInclude Include="Application\src\SampleApplication\CustomBehaviors\ImguiContext_AnimationViewer.h">
      <Filter>Header Files</Filter>
    </ClInclude>
    <ClInclude Include="Engine\src\Math\Path\SpaceCurve.h">
      <Filter>Header Files</Filter>
    </ClInclude>
    <ClInclude Include="Engine\src\Math\Path\SubCurve.h">
      <Filter>Header Files</Filter>
    </ClInclude>
    <ClInclude Include="Engine\src\Core\Scene\Components\LineRendererComponent.h">
      <Filter>Header Files</Filter>
    </ClInclude>
    <ClInclude Include="Application\src\SampleApplication\CustomBehaviors\MotionAlongPathViewer.h">
      <Filter>Header Files</Filter>
    </ClInclude>
    <ClInclude Include="Engine\src\Math\Path\PathStructs.h">
      <Filter>Header Files</Filter>
    </ClInclude>
    <ClInclude Include="Engine\src\Math\Path\SpeedControl.h">
      <Filter>Header Files</Filter>
    </ClInclude>
    <ClInclude Include="Application\src\SampleApplication\CustomBehaviors\ImguiContext_MotionAlongPathViewer.h">
      <Filter>Header Files</Filter>
    </ClInclude>
    <ClInclude Include="Engine\src\Math\Path\OrientationControl.h">
      <Filter>Header Files</Filter>
    </ClInclude>
    <ClInclude Include="Engine\src\Math\Path\PaceControl.h">
      <Filter>Header Files</Filter>
    </ClInclude>
    <ClInclude Include="Engine\src\Graphics\Animation\BlendTree.h">
      <Filter>Header Files</Filter>
    </ClInclude>
  </ItemGroup>
  <ItemGroup>
    <None Include="Engine\assets\shaders\shader.vert" />
    <None Include="Engine\assets\shaders\shader.frag" />
    <None Include="Engine\assets\shaders\frag.spv" />
    <None Include="Engine\assets\shaders\vert.spv" />
    <None Include="Engine\assets\shaders\compile.bat">
      <Filter>Source Files</Filter>
    </None>
    <None Include="Libraries\assimp\assimp-vc143-mt.dll" />
  </ItemGroup>
  <ItemGroup>
    <Text Include="Libraries\imgui\LICENSE.txt" />
  </ItemGroup>
  <ItemGroup>
    <Library Include="Libraries\assimp\assimp-vc143-mt.lib" />
  </ItemGroup>
</Project>